{
  "name": "bns",
  "version": "1.0.0",
  "lockfileVersion": 3,
  "requires": true,
  "packages": {
    "": {
      "name": "bns",
      "version": "1.0.0",
      "license": "ISC",
      "dependencies": {
        "nano-id": "^1.1.0"
      }
    },
    "node_modules/nano-id": {
      "version": "1.1.0",
      "resolved": "https://registry.npmjs.org/nano-id/-/nano-id-1.1.0.tgz",
      "integrity": "sha512-vQB87xWh4CCBZq2d7/wF46uiwZOx+n6ShQ4QBuiejQhBSijkTeK6Ugv1EhgjVAg8fwIu9wtWk3GhCN4ViD0TJQ==",
      "license": "ISC"
    }
  }
}
